
Microsoft Visual Studio Solution File, Format Version 12.00
# Visual Studio Version 17
VisualStudioVersion = 17.9.34714.143
MinimumVisualStudioVersion = 10.0.40219.1
Project("{FAE04EC0-301F-11D3-BF4B-00C04F79EFBC}") = "MovieApp", "MovieApp\MovieApp.csproj", "{B2C9E0C3-B5C3-4D42-B11F-FC6D8FCFB7E0}"
EndProject
Global
	GlobalSection(SolutionConfigurationPlatforms) = preSolution
		Debug|Any CPU = Debug|Any CPU
		Release|Any CPU = Release|Any CPU
	EndGlobalSection
	GlobalSection(ProjectConfigurationPlatforms) = postSolution
		{B2C9E0C3-B5C3-4D42-B11F-FC6D8FCFB7E0}.Debug|Any CPU.ActiveCfg = Debug|Any CPU
		{B2C9E0C3-B5C3-4D42-B11F-FC6D8FCFB7E0}.Debug|Any CPU.Build.0 = Debug|Any CPU
		{B2C9E0C3-B5C3-4D42-B11F-FC6D8FCFB7E0}.Release|Any CPU.ActiveCfg = Release|Any CPU
		{B2C9E0C3-B5C3-4D42-B11F-FC6D8FCFB7E0}.Release|Any CPU.Build.0 = Release|Any CPU
	EndGlobalSection
	GlobalSection(SolutionProperties) = preSolution
		HideSolutionNode = FALSE
	EndGlobalSection
	GlobalSection(ExtensibilityGlobals) = postSolution
		SolutionGuid = {B029135B-1953-49DB-AA44-1989D099D5EB}
	EndGlobalSection
EndGlobal
